
Microsoft Visual Studio Solution File, Format Version 12.00
# Visual Studio Version 17
VisualStudioVersion = 17.5.002.0
MinimumVisualStudioVersion = 10.0.40219.1
Project("{9A19103F-16F7-4668-BE54-9A1E7A4F7556}") = "CQRS", "CQRS\CQRS.csproj", "{15BA4132-1513-4EF2-982F-2E3F4F8F68BC}"
EndProject
Project("{9A19103F-16F7-4668-BE54-9A1E7A4F7556}") = "Commands", "commands\Commands.csproj", "{7758640F-3FC1-49B0-9006-39384627AAF3}"
EndProject
Global
	GlobalSection(SolutionConfigurationPlatforms) = preSolution
		Debug|Any CPU = Debug|Any CPU
		Release|Any CPU = Release|Any CPU
	EndGlobalSection
	GlobalSection(ProjectConfigurationPlatforms) = postSolution
		{15BA4132-1513-4EF2-982F-2E3F4F8F68BC}.Debug|Any CPU.ActiveCfg = Debug|Any CPU
		{15BA4132-1513-4EF2-982F-2E3F4F8F68BC}.Debug|Any CPU.Build.0 = Debug|Any CPU
		{15BA4132-1513-4EF2-982F-2E3F4F8F68BC}.Release|Any CPU.ActiveCfg = Release|Any CPU
		{15BA4132-1513-4EF2-982F-2E3F4F8F68BC}.Release|Any CPU.Build.0 = Release|Any CPU
		{7758640F-3FC1-49B0-9006-39384627AAF3}.Debug|Any CPU.ActiveCfg = Debug|Any CPU
		{7758640F-3FC1-49B0-9006-39384627AAF3}.Debug|Any CPU.Build.0 = Debug|Any CPU
		{7758640F-3FC1-49B0-9006-39384627AAF3}.Release|Any CPU.ActiveCfg = Release|Any CPU
		{7758640F-3FC1-49B0-9006-39384627AAF3}.Release|Any CPU.Build.0 = Release|Any CPU
	EndGlobalSection
	GlobalSection(SolutionProperties) = preSolution
		HideSolutionNode = FALSE
	EndGlobalSection
	GlobalSection(ExtensibilityGlobals) = postSolution
		SolutionGuid = {A2F13265-EBC4-430F-B3A8-6AD4F0D5EA5A}
	EndGlobalSection
EndGlobal
